
Microsoft Visual Studio Solution File, Format Version 12.00
# Visual Studio Version 17
VisualStudioVersion = 17.3.32901.215
MinimumVisualStudioVersion = 10.0.40219.1
Project("{FAE04EC0-301F-11D3-BF4B-00C04F79EFBC}") = "TTF_StockManagement", "TTF_StockManagement.csproj", "{BAAA90F7-DB8D-4738-A4C9-F5CF4C04E481}"
EndProject
Global
	GlobalSection(SolutionConfigurationPlatforms) = preSolution
		Debug|Any CPU = Debug|Any CPU
		Release|Any CPU = Release|Any CPU
	EndGlobalSection
	GlobalSection(ProjectConfigurationPlatforms) = postSolution
		{BAAA90F7-DB8D-4738-A4C9-F5CF4C04E481}.Debug|Any CPU.ActiveCfg = Debug|Any CPU
		{BAAA90F7-DB8D-4738-A4C9-F5CF4C04E481}.Debug|Any CPU.Build.0 = Debug|Any CPU
		{BAAA90F7-DB8D-4738-A4C9-F5CF4C04E481}.Release|Any CPU.ActiveCfg = Release|Any CPU
		{BAAA90F7-DB8D-4738-A4C9-F5CF4C04E481}.Release|Any CPU.Build.0 = Release|Any CPU
	EndGlobalSection
	GlobalSection(SolutionProperties) = preSolution
		HideSolutionNode = FALSE
	EndGlobalSection
	GlobalSection(ExtensibilityGlobals) = postSolution
		SolutionGuid = {CEC17C51-FFA3-46D1-BF6E-AB5F65AEB11F}
	EndGlobalSection
EndGlobal
